{
  "name": "latex-resume",
  "version": "1.0.0",
  "lockfileVersion": 1,
  "requires": true,
  "dependencies": {
    "@techiev2/node_http_server": {
      "version": "1.0.12",
      "resolved": "https://registry.npmjs.org/@techiev2/node_http_server/-/node_http_server-1.0.12.tgz",
      "integrity": "sha512-1ml1a+Q+xutzhYU727pQiFWskbF6SVmcRcVmrpYKNPnHAghzAzFTq4esHSHKrm3rJA31Zw/3QYB02lJJdZGboA=="
    }
  }
}
